
Microsoft Visual Studio Solution File, Format Version 12.00
# Visual Studio Version 17
VisualStudioVersion = 17.4.33213.308
MinimumVisualStudioVersion = 10.0.40219.1
Project("{FAE04EC0-301F-11D3-BF4B-00C04F79EFBC}") = "VegasScriptShowEventLength", "VegasScriptShowEventLength\VegasScriptShowEventLength.csproj", "{A5E012A8-6DE3-417C-90D7-FD7552DCE63C}"
EndProject
Global
	GlobalSection(SolutionConfigurationPlatforms) = preSolution
		Debug|Any CPU = Debug|Any CPU
		Release|Any CPU = Release|Any CPU
	EndGlobalSection
	GlobalSection(ProjectConfigurationPlatforms) = postSolution
		{A5E012A8-6DE3-417C-90D7-FD7552DCE63C}.Debug|Any CPU.ActiveCfg = Debug|Any CPU
		{A5E012A8-6DE3-417C-90D7-FD7552DCE63C}.Debug|Any CPU.Build.0 = Debug|Any CPU
		{A5E012A8-6DE3-417C-90D7-FD7552DCE63C}.Release|Any CPU.ActiveCfg = Release|Any CPU
		{A5E012A8-6DE3-417C-90D7-FD7552DCE63C}.Release|Any CPU.Build.0 = Release|Any CPU
	EndGlobalSection
	GlobalSection(SolutionProperties) = preSolution
		HideSolutionNode = FALSE
	EndGlobalSection
	GlobalSection(ExtensibilityGlobals) = postSolution
		SolutionGuid = {209DBA34-AC95-457D-8D61-D3C5E13F20B1}
	EndGlobalSection
EndGlobal
